
Microsoft Visual Studio Solution File, Format Version 12.00
# Visual Studio Version 17
VisualStudioVersion = 17.11.34909.67
MinimumVisualStudioVersion = 10.0.40219.1
Project("{9A19103F-16F7-4668-BE54-9A1E7A4F7556}") = "OpenCredentialPublisher.Wallet", "OpenCredentialPublisher.Wallet\OpenCredentialPublisher.Wallet.csproj", "{C10B0ED9-6A49-478D-B11C-5DB15B6ACD53}"
EndProject
Project("{9A19103F-16F7-4668-BE54-9A1E7A4F7556}") = "OpenCredentialPublisher.DependencyInjection", "OpenCredentialPublisher.DependencyInjection\OpenCredentialPublisher.DependencyInjection.csproj", "{9D077FCB-61A2-45B0-9D69-D4FC336689CB}"
EndProject
Project("{9A19103F-16F7-4668-BE54-9A1E7A4F7556}") = "OpenCredentialPublisher.Data.Custom", "OpenCredentialPublisher.Data.Custom\OpenCredentialPublisher.Data.Custom.csproj", "{26E816B7-94FB-4539-A9F0-78F1B89C7065}"
EndProject
Project("{2150E333-8FDC-42A3-9474-1A3956D46DE8}") = "Solution Items", "Solution Items", "{0BD5EE34-EFC7-4043-B824-479A4BAFABC6}"
	ProjectSection(SolutionItems) = preProject
		.gitignore = .gitignore
		Directory.Build.props = Directory.Build.props
		NuGet.config = NuGet.config
	EndProjectSection
EndProject
Project("{9A19103F-16F7-4668-BE54-9A1E7A4F7556}") = "OpenCredentialPublisher.Shared", "OpenCredentialPublisher.Shared\OpenCredentialPublisher.Shared.csproj", "{9560480C-2FA0-4B2E-8F4A-90DE2A8985D8}"
EndProject
Project("{9A19103F-16F7-4668-BE54-9A1E7A4F7556}") = "OpenCredentialPublisher.Data", "OpenCredentialPublisher.Data\OpenCredentialPublisher.Data.csproj", "{15151D79-4AC9-4F72-A963-A90A4852DAC6}"
EndProject
Project("{9A19103F-16F7-4668-BE54-9A1E7A4F7556}") = "OpenCredentialPublisher.Shared.Custom", "OpenCredentialPublisher.Shared.Custom\OpenCredentialPublisher.Shared.Custom.csproj", "{029570E4-C95F-47CD-A006-A28CA95A95A9}"
EndProject
Project("{9A19103F-16F7-4668-BE54-9A1E7A4F7556}") = "OpenCredentialPublisher.Services", "OpenCredentialPublisher.Services\OpenCredentialPublisher.Services.csproj", "{0FB62E9D-FC9C-4BF9-B0BE-57A8340BD000}"
EndProject
Project("{9A19103F-16F7-4668-BE54-9A1E7A4F7556}") = "OpenCredentialPublisher.Tests", "OpenCredentialPublisher.Tests\OpenCredentialPublisher.Tests.csproj", "{E1A51633-0278-4FEC-ADB0-6E4CCC93D4BC}"
EndProject
Project("{9A19103F-16F7-4668-BE54-9A1E7A4F7556}") = "OpenCredentialPublisher.Proof", "OpenCredentialPublisher.Proof\OpenCredentialPublisher.Proof.csproj", "{E81AF4E3-8379-4647-9C0C-EE8C0F3EE3F8}"
EndProject
Project("{FAE04EC0-301F-11D3-BF4B-00C04F79EFBC}") = "OpenCredentialPublisher.Data.Sql", "OpenCredentialPublisher.Data.Sql\OpenCredentialPublisher.Data.Sql.csproj", "{09FF10ED-B9BC-4D14-8DB0-D4FFC412D590}"
EndProject
Global
	GlobalSection(SolutionConfigurationPlatforms) = preSolution
		AzureDev|Any CPU = AzureDev|Any CPU
		Debug|Any CPU = Debug|Any CPU
		Dev|Any CPU = Dev|Any CPU
		IIS|Any CPU = IIS|Any CPU
		Qa|Any CPU = Qa|Any CPU
		Release|Any CPU = Release|Any CPU
	EndGlobalSection
	GlobalSection(ProjectConfigurationPlatforms) = postSolution
		{C10B0ED9-6A49-478D-B11C-5DB15B6ACD53}.AzureDev|Any CPU.ActiveCfg = AzureDev|Any CPU
		{C10B0ED9-6A49-478D-B11C-5DB15B6ACD53}.AzureDev|Any CPU.Build.0 = AzureDev|Any CPU
		{C10B0ED9-6A49-478D-B11C-5DB15B6ACD53}.Debug|Any CPU.ActiveCfg = Debug|Any CPU
		{C10B0ED9-6A49-478D-B11C-5DB15B6ACD53}.Debug|Any CPU.Build.0 = Debug|Any CPU
		{C10B0ED9-6A49-478D-B11C-5DB15B6ACD53}.Dev|Any CPU.ActiveCfg = Dev|Any CPU
		{C10B0ED9-6A49-478D-B11C-5DB15B6ACD53}.Dev|Any CPU.Build.0 = Dev|Any CPU
		{C10B0ED9-6A49-478D-B11C-5DB15B6ACD53}.IIS|Any CPU.ActiveCfg = IIS|Any CPU
		{C10B0ED9-6A49-478D-B11C-5DB15B6ACD53}.IIS|Any CPU.Build.0 = IIS|Any CPU
		{C10B0ED9-6A49-478D-B11C-5DB15B6ACD53}.Qa|Any CPU.ActiveCfg = Qa|Any CPU
		{C10B0ED9-6A49-478D-B11C-5DB15B6ACD53}.Qa|Any CPU.Build.0 = Qa|Any CPU
		{C10B0ED9-6A49-478D-B11C-5DB15B6ACD53}.Release|Any CPU.ActiveCfg = Release|Any CPU
		{C10B0ED9-6A49-478D-B11C-5DB15B6ACD53}.Release|Any CPU.Build.0 = Release|Any CPU
		{9D077FCB-61A2-45B0-9D69-D4FC336689CB}.AzureDev|Any CPU.ActiveCfg = AzureDev|Any CPU
		{9D077FCB-61A2-45B0-9D69-D4FC336689CB}.AzureDev|Any CPU.Build.0 = AzureDev|Any CPU
		{9D077FCB-61A2-45B0-9D69-D4FC336689CB}.Debug|Any CPU.ActiveCfg = Debug|Any CPU
		{9D077FCB-61A2-45B0-9D69-D4FC336689CB}.Debug|Any CPU.Build.0 = Debug|Any CPU
		{9D077FCB-61A2-45B0-9D69-D4FC336689CB}.Dev|Any CPU.ActiveCfg = Dev|Any CPU
		{9D077FCB-61A2-45B0-9D69-D4FC336689CB}.Dev|Any CPU.Build.0 = Dev|Any CPU
		{9D077FCB-61A2-45B0-9D69-D4FC336689CB}.IIS|Any CPU.ActiveCfg = IIS|Any CPU
		{9D077FCB-61A2-45B0-9D69-D4FC336689CB}.IIS|Any CPU.Build.0 = IIS|Any CPU
		{9D077FCB-61A2-45B0-9D69-D4FC336689CB}.Qa|Any CPU.ActiveCfg = Qa|Any CPU
		{9D077FCB-61A2-45B0-9D69-D4FC336689CB}.Qa|Any CPU.Build.0 = Qa|Any CPU
		{9D077FCB-61A2-45B0-9D69-D4FC336689CB}.Release|Any CPU.ActiveCfg = Release|Any CPU
		{9D077FCB-61A2-45B0-9D69-D4FC336689CB}.Release|Any CPU.Build.0 = Release|Any CPU
		{26E816B7-94FB-4539-A9F0-78F1B89C7065}.AzureDev|Any CPU.ActiveCfg = AzureDev|Any CPU
		{26E816B7-94FB-4539-A9F0-78F1B89C7065}.AzureDev|Any CPU.Build.0 = AzureDev|Any CPU
		{26E816B7-94FB-4539-A9F0-78F1B89C7065}.Debug|Any CPU.ActiveCfg = Debug|Any CPU
		{26E816B7-94FB-4539-A9F0-78F1B89C7065}.Debug|Any CPU.Build.0 = Debug|Any CPU
		{26E816B7-94FB-4539-A9F0-78F1B89C7065}.Dev|Any CPU.ActiveCfg = Dev|Any CPU
		{26E816B7-94FB-4539-A9F0-78F1B89C7065}.Dev|Any CPU.Build.0 = Dev|Any CPU
		{26E816B7-94FB-4539-A9F0-78F1B89C7065}.IIS|Any CPU.ActiveCfg = IIS|Any CPU
		{26E816B7-94FB-4539-A9F0-78F1B89C7065}.IIS|Any CPU.Build.0 = IIS|Any CPU
		{26E816B7-94FB-4539-A9F0-78F1B89C7065}.Qa|Any CPU.ActiveCfg = Qa|Any CPU
		{26E816B7-94FB-4539-A9F0-78F1B89C7065}.Qa|Any CPU.Build.0 = Qa|Any CPU
		{26E816B7-94FB-4539-A9F0-78F1B89C7065}.Release|Any CPU.ActiveCfg = Release|Any CPU
		{26E816B7-94FB-4539-A9F0-78F1B89C7065}.Release|Any CPU.Build.0 = Release|Any CPU
		{9560480C-2FA0-4B2E-8F4A-90DE2A8985D8}.AzureDev|Any CPU.ActiveCfg = AzureDev|Any CPU
		{9560480C-2FA0-4B2E-8F4A-90DE2A8985D8}.AzureDev|Any CPU.Build.0 = AzureDev|Any CPU
		{9560480C-2FA0-4B2E-8F4A-90DE2A8985D8}.Debug|Any CPU.ActiveCfg = Debug|Any CPU
		{9560480C-2FA0-4B2E-8F4A-90DE2A8985D8}.Debug|Any CPU.Build.0 = Debug|Any CPU
		{9560480C-2FA0-4B2E-8F4A-90DE2A8985D8}.Dev|Any CPU.ActiveCfg = Dev|Any CPU
		{9560480C-2FA0-4B2E-8F4A-90DE2A8985D8}.Dev|Any CPU.Build.0 = Dev|Any CPU
		{9560480C-2FA0-4B2E-8F4A-90DE2A8985D8}.IIS|Any CPU.ActiveCfg = IIS|Any CPU
		{9560480C-2FA0-4B2E-8F4A-90DE2A8985D8}.IIS|Any CPU.Build.0 = IIS|Any CPU
		{9560480C-2FA0-4B2E-8F4A-90DE2A8985D8}.Qa|Any CPU.ActiveCfg = Qa|Any CPU
		{9560480C-2FA0-4B2E-8F4A-90DE2A8985D8}.Qa|Any CPU.Build.0 = Qa|Any CPU
		{9560480C-2FA0-4B2E-8F4A-90DE2A8985D8}.Release|Any CPU.ActiveCfg = Release|Any CPU
		{9560480C-2FA0-4B2E-8F4A-90DE2A8985D8}.Release|Any CPU.Build.0 = Release|Any CPU
		{15151D79-4AC9-4F72-A963-A90A4852DAC6}.AzureDev|Any CPU.ActiveCfg = AzureDev|Any CPU
		{15151D79-4AC9-4F72-A963-A90A4852DAC6}.AzureDev|Any CPU.Build.0 = AzureDev|Any CPU
		{15151D79-4AC9-4F72-A963-A90A4852DAC6}.Debug|Any CPU.ActiveCfg = Debug|Any CPU
		{15151D79-4AC9-4F72-A963-A90A4852DAC6}.Debug|Any CPU.Build.0 = Debug|Any CPU
		{15151D79-4AC9-4F72-A963-A90A4852DAC6}.Dev|Any CPU.ActiveCfg = Dev|Any CPU
		{15151D79-4AC9-4F72-A963-A90A4852DAC6}.Dev|Any CPU.Build.0 = Dev|Any CPU
		{15151D79-4AC9-4F72-A963-A90A4852DAC6}.IIS|Any CPU.ActiveCfg = IIS|Any CPU
		{15151D79-4AC9-4F72-A963-A90A4852DAC6}.IIS|Any CPU.Build.0 = IIS|Any CPU
		{15151D79-4AC9-4F72-A963-A90A4852DAC6}.Qa|Any CPU.ActiveCfg = Qa|Any CPU
		{15151D79-4AC9-4F72-A963-A90A4852DAC6}.Qa|Any CPU.Build.0 = Qa|Any CPU
		{15151D79-4AC9-4F72-A963-A90A4852DAC6}.Release|Any CPU.ActiveCfg = Release|Any CPU
		{15151D79-4AC9-4F72-A963-A90A4852DAC6}.Release|Any CPU.Build.0 = Release|Any CPU
		{029570E4-C95F-47CD-A006-A28CA95A95A9}.AzureDev|Any CPU.ActiveCfg = Debug|Any CPU
		{029570E4-C95F-47CD-A006-A28CA95A95A9}.AzureDev|Any CPU.Build.0 = Debug|Any CPU
		{029570E4-C95F-47CD-A006-A28CA95A95A9}.Debug|Any CPU.ActiveCfg = Debug|Any CPU
		{029570E4-C95F-47CD-A006-A28CA95A95A9}.Debug|Any CPU.Build.0 = Debug|Any CPU
		{029570E4-C95F-47CD-A006-A28CA95A95A9}.Dev|Any CPU.ActiveCfg = Debug|Any CPU
		{029570E4-C95F-47CD-A006-A28CA95A95A9}.Dev|Any CPU.Build.0 = Debug|Any CPU
		{029570E4-C95F-47CD-A006-A28CA95A95A9}.IIS|Any CPU.ActiveCfg = Debug|Any CPU
		{029570E4-C95F-47CD-A006-A28CA95A95A9}.IIS|Any CPU.Build.0 = Debug|Any CPU
		{029570E4-C95F-47CD-A006-A28CA95A95A9}.Qa|Any CPU.ActiveCfg = Debug|Any CPU
		{029570E4-C95F-47CD-A006-A28CA95A95A9}.Qa|Any CPU.Build.0 = Debug|Any CPU
		{029570E4-C95F-47CD-A006-A28CA95A95A9}.Release|Any CPU.ActiveCfg = Release|Any CPU
		{029570E4-C95F-47CD-A006-A28CA95A95A9}.Release|Any CPU.Build.0 = Release|Any CPU
		{0FB62E9D-FC9C-4BF9-B0BE-57A8340BD000}.AzureDev|Any CPU.ActiveCfg = AzureDev|Any CPU
		{0FB62E9D-FC9C-4BF9-B0BE-57A8340BD000}.AzureDev|Any CPU.Build.0 = AzureDev|Any CPU
		{0FB62E9D-FC9C-4BF9-B0BE-57A8340BD000}.Debug|Any CPU.ActiveCfg = Debug|Any CPU
		{0FB62E9D-FC9C-4BF9-B0BE-57A8340BD000}.Debug|Any CPU.Build.0 = Debug|Any CPU
		{0FB62E9D-FC9C-4BF9-B0BE-57A8340BD000}.Dev|Any CPU.ActiveCfg = Dev|Any CPU
		{0FB62E9D-FC9C-4BF9-B0BE-57A8340BD000}.Dev|Any CPU.Build.0 = Dev|Any CPU
		{0FB62E9D-FC9C-4BF9-B0BE-57A8340BD000}.IIS|Any CPU.ActiveCfg = IIS|Any CPU
		{0FB62E9D-FC9C-4BF9-B0BE-57A8340BD000}.IIS|Any CPU.Build.0 = IIS|Any CPU
		{0FB62E9D-FC9C-4BF9-B0BE-57A8340BD000}.Qa|Any CPU.ActiveCfg = Qa|Any CPU
		{0FB62E9D-FC9C-4BF9-B0BE-57A8340BD000}.Qa|Any CPU.Build.0 = Qa|Any CPU
		{0FB62E9D-FC9C-4BF9-B0BE-57A8340BD000}.Release|Any CPU.ActiveCfg = Release|Any CPU
		{0FB62E9D-FC9C-4BF9-B0BE-57A8340BD000}.Release|Any CPU.Build.0 = Release|Any CPU
		{E1A51633-0278-4FEC-ADB0-6E4CCC93D4BC}.AzureDev|Any CPU.ActiveCfg = Dev|Any CPU
		{E1A51633-0278-4FEC-ADB0-6E4CCC93D4BC}.AzureDev|Any CPU.Build.0 = Dev|Any CPU
		{E1A51633-0278-4FEC-ADB0-6E4CCC93D4BC}.Debug|Any CPU.ActiveCfg = Debug|Any CPU
		{E1A51633-0278-4FEC-ADB0-6E4CCC93D4BC}.Debug|Any CPU.Build.0 = Debug|Any CPU
		{E1A51633-0278-4FEC-ADB0-6E4CCC93D4BC}.Dev|Any CPU.ActiveCfg = Dev|Any CPU
		{E1A51633-0278-4FEC-ADB0-6E4CCC93D4BC}.Dev|Any CPU.Build.0 = Dev|Any CPU
		{E1A51633-0278-4FEC-ADB0-6E4CCC93D4BC}.IIS|Any CPU.ActiveCfg = Debug|Any CPU
		{E1A51633-0278-4FEC-ADB0-6E4CCC93D4BC}.IIS|Any CPU.Build.0 = Debug|Any CPU
		{E1A51633-0278-4FEC-ADB0-6E4CCC93D4BC}.Qa|Any CPU.ActiveCfg = Qa|Any CPU
		{E1A51633-0278-4FEC-ADB0-6E4CCC93D4BC}.Qa|Any CPU.Build.0 = Qa|Any CPU
		{E1A51633-0278-4FEC-ADB0-6E4CCC93D4BC}.Release|Any CPU.ActiveCfg = Release|Any CPU
		{E1A51633-0278-4FEC-ADB0-6E4CCC93D4BC}.Release|Any CPU.Build.0 = Release|Any CPU
		{E81AF4E3-8379-4647-9C0C-EE8C0F3EE3F8}.AzureDev|Any CPU.ActiveCfg = Dev|Any CPU
		{E81AF4E3-8379-4647-9C0C-EE8C0F3EE3F8}.AzureDev|Any CPU.Build.0 = Dev|Any CPU
		{E81AF4E3-8379-4647-9C0C-EE8C0F3EE3F8}.Debug|Any CPU.ActiveCfg = Debug|Any CPU
		{E81AF4E3-8379-4647-9C0C-EE8C0F3EE3F8}.Debug|Any CPU.Build.0 = Debug|Any CPU
		{E81AF4E3-8379-4647-9C0C-EE8C0F3EE3F8}.Dev|Any CPU.ActiveCfg = Dev|Any CPU
		{E81AF4E3-8379-4647-9C0C-EE8C0F3EE3F8}.Dev|Any CPU.Build.0 = Dev|Any CPU
		{E81AF4E3-8379-4647-9C0C-EE8C0F3EE3F8}.IIS|Any CPU.ActiveCfg = Debug|Any CPU
		{E81AF4E3-8379-4647-9C0C-EE8C0F3EE3F8}.IIS|Any CPU.Build.0 = Debug|Any CPU
		{E81AF4E3-8379-4647-9C0C-EE8C0F3EE3F8}.Qa|Any CPU.ActiveCfg = Qa|Any CPU
		{E81AF4E3-8379-4647-9C0C-EE8C0F3EE3F8}.Qa|Any CPU.Build.0 = Qa|Any CPU
		{E81AF4E3-8379-4647-9C0C-EE8C0F3EE3F8}.Release|Any CPU.ActiveCfg = Release|Any CPU
		{E81AF4E3-8379-4647-9C0C-EE8C0F3EE3F8}.Release|Any CPU.Build.0 = Release|Any CPU
		{09FF10ED-B9BC-4D14-8DB0-D4FFC412D590}.AzureDev|Any CPU.ActiveCfg = Dev|Any CPU
		{09FF10ED-B9BC-4D14-8DB0-D4FFC412D590}.AzureDev|Any CPU.Build.0 = Dev|Any CPU
		{09FF10ED-B9BC-4D14-8DB0-D4FFC412D590}.Debug|Any CPU.ActiveCfg = Debug|Any CPU
		{09FF10ED-B9BC-4D14-8DB0-D4FFC412D590}.Debug|Any CPU.Build.0 = Debug|Any CPU
		{09FF10ED-B9BC-4D14-8DB0-D4FFC412D590}.Dev|Any CPU.ActiveCfg = Dev|Any CPU
		{09FF10ED-B9BC-4D14-8DB0-D4FFC412D590}.Dev|Any CPU.Build.0 = Dev|Any CPU
		{09FF10ED-B9BC-4D14-8DB0-D4FFC412D590}.IIS|Any CPU.ActiveCfg = Debug|Any CPU
		{09FF10ED-B9BC-4D14-8DB0-D4FFC412D590}.IIS|Any CPU.Build.0 = Debug|Any CPU
		{09FF10ED-B9BC-4D14-8DB0-D4FFC412D590}.Qa|Any CPU.ActiveCfg = Qa|Any CPU
		{09FF10ED-B9BC-4D14-8DB0-D4FFC412D590}.Qa|Any CPU.Build.0 = Qa|Any CPU
		{09FF10ED-B9BC-4D14-8DB0-D4FFC412D590}.Release|Any CPU.ActiveCfg = Release|Any CPU
		{09FF10ED-B9BC-4D14-8DB0-D4FFC412D590}.Release|Any CPU.Build.0 = Release|Any CPU
	EndGlobalSection
	GlobalSection(SolutionProperties) = preSolution
		HideSolutionNode = FALSE
	EndGlobalSection
	GlobalSection(ExtensibilityGlobals) = postSolution
		SolutionGuid = {7BB5ABCF-0D19-485D-AA5E-F25624528F5D}
	EndGlobalSection
EndGlobal
